
Microsoft Visual Studio Solution File, Format Version 12.00
# Visual Studio Version 17
VisualStudioVersion = 17.5.33414.496
MinimumVisualStudioVersion = 10.0.40219.1
Project("{FAE04EC0-301F-11D3-BF4B-00C04F79EFBC}") = "AdvanceTask_NUnit", "AdvanceTask_NUnit\AdvanceTask_NUnit.csproj", "{07474D20-2B51-4B7B-A887-15270E77E79D}"
EndProject
Global
	GlobalSection(SolutionConfigurationPlatforms) = preSolution
		Debug|Any CPU = Debug|Any CPU
		Release|Any CPU = Release|Any CPU
	EndGlobalSection
	GlobalSection(ProjectConfigurationPlatforms) = postSolution
		{07474D20-2B51-4B7B-A887-15270E77E79D}.Debug|Any CPU.ActiveCfg = Debug|Any CPU
		{07474D20-2B51-4B7B-A887-15270E77E79D}.Debug|Any CPU.Build.0 = Debug|Any CPU
		{07474D20-2B51-4B7B-A887-15270E77E79D}.Release|Any CPU.ActiveCfg = Release|Any CPU
		{07474D20-2B51-4B7B-A887-15270E77E79D}.Release|Any CPU.Build.0 = Release|Any CPU
	EndGlobalSection
	GlobalSection(SolutionProperties) = preSolution
		HideSolutionNode = FALSE
	EndGlobalSection
	GlobalSection(ExtensibilityGlobals) = postSolution
		SolutionGuid = {B314BF72-76CB-4652-A726-E0562FAF31B4}
	EndGlobalSection
EndGlobal
